
Microsoft Visual Studio Solution File, Format Version 12.00
# Visual Studio Version 17
VisualStudioVersion = 17.4.33213.308
MinimumVisualStudioVersion = 10.0.40219.1
Project("{FAE04EC0-301F-11D3-BF4B-00C04F79EFBC}") = "HashCollection", "HashCollection\HashCollection.csproj", "{F1C1CF7C-B3A6-4349-8C1B-BF0452FBB1C6}"
EndProject
Global
	GlobalSection(SolutionConfigurationPlatforms) = preSolution
		Debug|Any CPU = Debug|Any CPU
		Release|Any CPU = Release|Any CPU
	EndGlobalSection
	GlobalSection(ProjectConfigurationPlatforms) = postSolution
		{F1C1CF7C-B3A6-4349-8C1B-BF0452FBB1C6}.Debug|Any CPU.ActiveCfg = Debug|Any CPU
		{F1C1CF7C-B3A6-4349-8C1B-BF0452FBB1C6}.Debug|Any CPU.Build.0 = Debug|Any CPU
		{F1C1CF7C-B3A6-4349-8C1B-BF0452FBB1C6}.Release|Any CPU.ActiveCfg = Release|Any CPU
		{F1C1CF7C-B3A6-4349-8C1B-BF0452FBB1C6}.Release|Any CPU.Build.0 = Release|Any CPU
	EndGlobalSection
	GlobalSection(SolutionProperties) = preSolution
		HideSolutionNode = FALSE
	EndGlobalSection
	GlobalSection(ExtensibilityGlobals) = postSolution
		SolutionGuid = {0870BA38-EF45-4980-AE9D-7CB3004490B5}
	EndGlobalSection
EndGlobal
